// !$*UTF8*$!
{
	archiveVersion = 1;
	classes = {
	};
	objectVersion = 56;
	objects = {

/* Begin PBXBuildFile section */
		A0CB47572987AFFE007CF7EC /* AppDelegate.m in Sources */ = {isa = PBXBuildFile; fileRef = A0CB47562987AFFE007CF7EC /* AppDelegate.m */; };
		A0CB475A2987AFFE007CF7EC /* SceneDelegate.m in Sources */ = {isa = PBXBuildFile; fileRef = A0CB47592987AFFE007CF7EC /* SceneDelegate.m */; };
		A0CB475D2987AFFE007CF7EC /* ViewController.m in Sources */ = {isa = PBXBuildFile; fileRef = A0CB475C2987AFFE007CF7EC /* ViewController.m */; };
		A0CB47602987AFFE007CF7EC /* Main.storyboard in Resources */ = {isa = PBXBuildFile; fileRef = A0CB475E2987AFFE007CF7EC /* Main.storyboard */; };
		A0CB47622987AFFF007CF7EC /* Assets.xcassets in Resources */ = {isa = PBXBuildFile; fileRef = A0CB47612987AFFF007CF7EC /* Assets.xcassets */; };
		A0CB47652987AFFF007CF7EC /* LaunchScreen.storyboard in Resources */ = {isa = PBXBuildFile; fileRef = A0CB47632987AFFF007CF7EC /* LaunchScreen.storyboard */; };
		A0CB47682987AFFF007CF7EC /* main.m in Sources */ = {isa = PBXBuildFile; fileRef = A0CB47672987AFFF007CF7EC /* main.m */; };
		A0CB477F2988C8DF007CF7EC /* WJBackgroundShortlyTask.m in Sources */ = {isa = PBXBuildFile; fileRef = A0CB477E2988C8DF007CF7EC /* WJBackgroundShortlyTask.m */; };
		A0CB4782298A12C4007CF7EC /* WJBackgroundTask.bundle in Resources */ = {isa = PBXBuildFile; fileRef = A0CB4781298A12C4007CF7EC /* WJBackgroundTask.bundle */; };
		A0CB4788298C9CB9007CF7EC /* WJAudioManager.m in Sources */ = {isa = PBXBuildFile; fileRef = A0CB4787298C9CB9007CF7EC /* WJAudioManager.m */; };
		A0CB478B298CB599007CF7EC /* WJBackgroundLonglyTask.m in Sources */ = {isa = PBXBuildFile; fileRef = A0CB478A298CB599007CF7EC /* WJBackgroundLonglyTask.m */; };
		A0D42837299092EF000637E0 /* WJBackgroundAudioTask.m in Sources */ = {isa = PBXBuildFile; fileRef = A0CB4784298A69C3007CF7EC /* WJBackgroundAudioTask.m */; };
/* End PBXBuildFile section */

/* Begin PBXFileReference section */
		A0CB47522987AFFE007CF7EC /* BackgroundTask.app */ = {isa = PBXFileReference; explicitFileType = wrapper.application; includeInIndex = 0; path = BackgroundTask.app; sourceTree = BUILT_PRODUCTS_DIR; };
		A0CB47552987AFFE007CF7EC /* AppDelegate.h */ = {isa = PBXFileReference; lastKnownFileType = sourcecode.c.h; path = AppDelegate.h; sourceTree = "<group>"; };
		A0CB47562987AFFE007CF7EC /* AppDelegate.m */ = {isa = PBXFileReference; lastKnownFileType = sourcecode.c.objc; path = AppDelegate.m; sourceTree = "<group>"; };
		A0CB47582987AFFE007CF7EC /* SceneDelegate.h */ = {isa = PBXFileReference; lastKnownFileType = sourcecode.c.h; path = SceneDelegate.h; sourceTree = "<group>"; };
		A0CB47592987AFFE007CF7EC /* SceneDelegate.m */ = {isa = PBXFileReference; lastKnownFileType = sourcecode.c.objc; path = SceneDelegate.m; sourceTree = "<group>"; };
		A0CB475B2987AFFE007CF7EC /* ViewController.h */ = {isa = PBXFileReference; lastKnownFileType = sourcecode.c.h; path = ViewController.h; sourceTree = "<group>"; };
		A0CB475C2987AFFE007CF7EC /* ViewController.m */ = {isa = PBXFileReference; lastKnownFileType = sourcecode.c.objc; path = ViewController.m; sourceTree = "<group>"; };
		A0CB475F2987AFFE007CF7EC /* Base */ = {isa = PBXFileReference; lastKnownFileType = file.storyboard; name = Base; path = Base.lproj/Main.storyboard; sourceTree = "<group>"; };
		A0CB47612987AFFF007CF7EC /* Assets.xcassets */ = {isa = PBXFileReference; lastKnownFileType = folder.assetcatalog; path = Assets.xcassets; sourceTree = "<group>"; };
		A0CB47642987AFFF007CF7EC /* Base */ = {isa = PBXFileReference; lastKnownFileType = file.storyboard; name = Base; path = Base.lproj/LaunchScreen.storyboard; sourceTree = "<group>"; };
		A0CB47662987AFFF007CF7EC /* Info.plist */ = {isa = PBXFileReference; lastKnownFileType = text.plist.xml; path = Info.plist; sourceTree = "<group>"; };
		A0CB47672987AFFF007CF7EC /* main.m */ = {isa = PBXFileReference; lastKnownFileType = sourcecode.c.objc; path = main.m; sourceTree = "<group>"; };
		A0CB477D2988C8DF007CF7EC /* WJBackgroundShortlyTask.h */ = {isa = PBXFileReference; lastKnownFileType = sourcecode.c.h; path = WJBackgroundShortlyTask.h; sourceTree = "<group>"; };
		A0CB477E2988C8DF007CF7EC /* WJBackgroundShortlyTask.m */ = {isa = PBXFileReference; lastKnownFileType = sourcecode.c.objc; path = WJBackgroundShortlyTask.m; sourceTree = "<group>"; };
		A0CB4781298A12C4007CF7EC /* WJBackgroundTask.bundle */ = {isa = PBXFileReference; lastKnownFileType = "wrapper.plug-in"; path = WJBackgroundTask.bundle; sourceTree = "<group>"; };
		A0CB4783298A69C2007CF7EC /* WJBackgroundAudioTask.h */ = {isa = PBXFileReference; fileEncoding = 4; lastKnownFileType = sourcecode.c.h; path = WJBackgroundAudioTask.h; sourceTree = "<group>"; };
		A0CB4784298A69C3007CF7EC /* WJBackgroundAudioTask.m */ = {isa = PBXFileReference; fileEncoding = 4; lastKnownFileType = sourcecode.c.objc; path = WJBackgroundAudioTask.m; sourceTree = "<group>"; };
		A0CB4786298C9CB9007CF7EC /* WJAudioManager.h */ = {isa = PBXFileReference; lastKnownFileType = sourcecode.c.h; path = WJAudioManager.h; sourceTree = "<group>"; };
		A0CB4787298C9CB9007CF7EC /* WJAudioManager.m */ = {isa = PBXFileReference; lastKnownFileType = sourcecode.c.objc; path = WJAudioManager.m; sourceTree = "<group>"; };
		A0CB4789298CB599007CF7EC /* WJBackgroundLonglyTask.h */ = {isa = PBXFileReference; fileEncoding = 4; lastKnownFileType = sourcecode.c.h; path = WJBackgroundLonglyTask.h; sourceTree = "<group>"; };
		A0CB478A298CB599007CF7EC /* WJBackgroundLonglyTask.m */ = {isa = PBXFileReference; fileEncoding = 4; lastKnownFileType = sourcecode.c.objc; path = WJBackgroundLonglyTask.m; sourceTree = "<group>"; };
/* End PBXFileReference section */

/* Begin PBXFrameworksBuildPhase section */
		A0CB474F2987AFFE007CF7EC /* Frameworks */ = {
			isa = PBXFrameworksBuildPhase;
			buildActionMask = 2147483647;
			files = (
			);
			runOnlyForDeploymentPostprocessing = 0;
		};
/* End PBXFrameworksBuildPhase section */

/* Begin PBXGroup section */
		A0CB47492987AFFE007CF7EC = {
			isa = PBXGroup;
			children = (
				A0CB47542987AFFE007CF7EC /* BackgroundTask */,
				A0CB47532987AFFE007CF7EC /* Products */,
			);
			sourceTree = "<group>";
		};
		A0CB47532987AFFE007CF7EC /* Products */ = {
			isa = PBXGroup;
			children = (
				A0CB47522987AFFE007CF7EC /* BackgroundTask.app */,
			);
			name = Products;
			sourceTree = "<group>";
		};
		A0CB47542987AFFE007CF7EC /* BackgroundTask */ = {
			isa = PBXGroup;
			children = (
				A0CB4780298A128F007CF7EC /* WJBackgroundTask */,
				A0CB47552987AFFE007CF7EC /* AppDelegate.h */,
				A0CB47562987AFFE007CF7EC /* AppDelegate.m */,
				A0CB47582987AFFE007CF7EC /* SceneDelegate.h */,
				A0CB47592987AFFE007CF7EC /* SceneDelegate.m */,
				A0CB475B2987AFFE007CF7EC /* ViewController.h */,
				A0CB475C2987AFFE007CF7EC /* ViewController.m */,
				A0CB475E2987AFFE007CF7EC /* Main.storyboard */,
				A0CB47612987AFFF007CF7EC /* Assets.xcassets */,
				A0CB47632987AFFF007CF7EC /* LaunchScreen.storyboard */,
				A0CB47662987AFFF007CF7EC /* Info.plist */,
				A0CB47672987AFFF007CF7EC /* main.m */,
			);
			path = BackgroundTask;
			sourceTree = "<group>";
		};
		A0CB4780298A128F007CF7EC /* WJBackgroundTask */ = {
			isa = PBXGroup;
			children = (
				A0CB4786298C9CB9007CF7EC /* WJAudioManager.h */,
				A0CB4787298C9CB9007CF7EC /* WJAudioManager.m */,
				A0CB4783298A69C2007CF7EC /* WJBackgroundAudioTask.h */,
				A0CB4784298A69C3007CF7EC /* WJBackgroundAudioTask.m */,
				A0CB4789298CB599007CF7EC /* WJBackgroundLonglyTask.h */,
				A0CB478A298CB599007CF7EC /* WJBackgroundLonglyTask.m */,
				A0CB477D2988C8DF007CF7EC /* WJBackgroundShortlyTask.h */,
				A0CB477E2988C8DF007CF7EC /* WJBackgroundShortlyTask.m */,
				A0CB4781298A12C4007CF7EC /* WJBackgroundTask.bundle */,
			);
			path = WJBackgroundTask;
			sourceTree = "<group>";
		};
/* End PBXGroup section */

/* Begin PBXNativeTarget section */
		A0CB47512987AFFE007CF7EC /* BackgroundTask */ = {
			isa = PBXNativeTarget;
			buildConfigurationList = A0CB476B2987AFFF007CF7EC /* Build configuration list for PBXNativeTarget "BackgroundTask" */;
			buildPhases = (
				A0CB474E2987AFFE007CF7EC /* Sources */,
				A0CB474F2987AFFE007CF7EC /* Frameworks */,
				A0CB47502987AFFE007CF7EC /* Resources */,
			);
			buildRules = (
			);
			dependencies = (
			);
			name = BackgroundTask;
			productName = BackgroundTask;
			productReference = A0CB47522987AFFE007CF7EC /* BackgroundTask.app */;
			productType = "com.apple.product-type.application";
		};
/* End PBXNativeTarget section */

/* Begin PBXProject section */
		A0CB474A2987AFFE007CF7EC /* Project object */ = {
			isa = PBXProject;
			attributes = {
				BuildIndependentTargetsInParallel = 1;
				LastUpgradeCheck = 1420;
				TargetAttributes = {
					A0CB47512987AFFE007CF7EC = {
						CreatedOnToolsVersion = 14.2;
					};
				};
			};
			buildConfigurationList = A0CB474D2987AFFE007CF7EC /* Build configuration list for PBXProject "BackgroundTask" */;
			compatibilityVersion = "Xcode 14.0";
			developmentRegion = en;
			hasScannedForEncodings = 0;
			knownRegions = (
				en,
				Base,
			);
			mainGroup = A0CB47492987AFFE007CF7EC;
			productRefGroup = A0CB47532987AFFE007CF7EC /* Products */;
			projectDirPath = "";
			projectRoot = "";
			targets = (
				A0CB47512987AFFE007CF7EC /* BackgroundTask */,
			);
		};
/* End PBXProject section */

/* Begin PBXResourcesBuildPhase section */
		A0CB47502987AFFE007CF7EC /* Resources */ = {
			isa = PBXResourcesBuildPhase;
			buildActionMask = 2147483647;
			files = (
				A0CB4782298A12C4007CF7EC /* WJBackgroundTask.bundle in Resources */,
				A0CB47652987AFFF007CF7EC /* LaunchScreen.storyboard in Resources */,
				A0CB47622987AFFF007CF7EC /* Assets.xcassets in Resources */,
				A0CB47602987AFFE007CF7EC /* Main.storyboard in Resources */,
			);
			runOnlyForDeploymentPostprocessing = 0;
		};
/* End PBXResourcesBuildPhase section */

/* Begin PBXSourcesBuildPhase section */
		A0CB474E2987AFFE007CF7EC /* Sources */ = {
			isa = PBXSourcesBuildPhase;
			buildActionMask = 2147483647;
			files = (
				A0D42837299092EF000637E0 /* WJBackgroundAudioTask.m in Sources */,
				A0CB475D2987AFFE007CF7EC /* ViewController.m in Sources */,
				A0CB47572987AFFE007CF7EC /* AppDelegate.m in Sources */,
				A0CB47682987AFFF007CF7EC /* main.m in Sources */,
				A0CB477F2988C8DF007CF7EC /* WJBackgroundShortlyTask.m in Sources */,
				A0CB478B298CB599007CF7EC /* WJBackgroundLonglyTask.m in Sources */,
				A0CB475A2987AFFE007CF7EC /* SceneDelegate.m in Sources */,
				A0CB4788298C9CB9007CF7EC /* WJAudioManager.m in Sources */,
			);
			runOnlyForDeploymentPostprocessing = 0;
		};
/* End PBXSourcesBuildPhase section */

/* Begin PBXVariantGroup section */
		A0CB475E2987AFFE007CF7EC /* Main.storyboard */ = {
			isa = PBXVariantGroup;
			children = (
				A0CB475F2987AFFE007CF7EC /* Base */,
			);
			name = Main.storyboard;
			sourceTree = "<group>";
		};
		A0CB47632987AFFF007CF7EC /* LaunchScreen.storyboard */ = {
			isa = PBXVariantGroup;
			children = (
				A0CB47642987AFFF007CF7EC /* Base */,
			);
			name = LaunchScreen.storyboard;
			sourceTree = "<group>";
		};
/* End PBXVariantGroup section */

/* Begin XCBuildConfiguration section */
		A0CB47692987AFFF007CF7EC /* Debug */ = {
			isa = XCBuildConfiguration;
			buildSettings = {
				ALWAYS_SEARCH_USER_PATHS = NO;
				CLANG_ANALYZER_NONNULL = YES;
				CLANG_ANALYZER_NUMBER_OBJECT_CONVERSION = YES_AGGRESSIVE;
				CLANG_CXX_LANGUAGE_STANDARD = "gnu++20";
				CLANG_ENABLE_MODULES = YES;
				CLANG_ENABLE_OBJC_ARC = YES;
				CLANG_ENABLE_OBJC_WEAK = YES;
				CLANG_WARN_BLOCK_CAPTURE_AUTORELEASING = YES;
				CLANG_WARN_BOOL_CONVERSION = YES;
				CLANG_WARN_COMMA = YES;
				CLANG_WARN_CONSTANT_CONVERSION = YES;
				CLANG_WARN_DEPRECATED_OBJC_IMPLEMENTATIONS = YES;
				CLANG_WARN_DIRECT_OBJC_ISA_USAGE = YES_ERROR;
				CLANG_WARN_DOCUMENTATION_COMMENTS = YES;
				CLANG_WARN_EMPTY_BODY = YES;
				CLANG_WARN_ENUM_CONVERSION = YES;
				CLANG_WARN_INFINITE_RECURSION = YES;
				CLANG_WARN_INT_CONVERSION = YES;
				CLANG_WARN_NON_LITERAL_NULL_CONVERSION = YES;
				CLANG_WARN_OBJC_IMPLICIT_RETAIN_SELF = YES;
				CLANG_WARN_OBJC_LITERAL_CONVERSION = YES;
				CLANG_WARN_OBJC_ROOT_CLASS = YES_ERROR;
				CLANG_WARN_QUOTED_INCLUDE_IN_FRAMEWORK_HEADER = YES;
				CLANG_WARN_RANGE_LOOP_ANALYSIS = YES;
				CLANG_WARN_STRICT_PROTOTYPES = YES;
				CLANG_WARN_SUSPICIOUS_MOVE = YES;
				CLANG_WARN_UNGUARDED_AVAILABILITY = YES_AGGRESSIVE;
				CLANG_WARN_UNREACHABLE_CODE = YES;
				CLANG_WARN__DUPLICATE_METHOD_MATCH = YES;
				COPY_PHASE_STRIP = NO;
				DEBUG_INFORMATION_FORMAT = dwarf;
				ENABLE_STRICT_OBJC_MSGSEND = YES;
				ENABLE_TESTABILITY = YES;
				GCC_C_LANGUAGE_STANDARD = gnu11;
				GCC_DYNAMIC_NO_PIC = NO;
				GCC_NO_COMMON_BLOCKS = YES;
				GCC_OPTIMIZATION_LEVEL = 0;
				GCC_PREPROCESSOR_DEFINITIONS = (
					"DEBUG=1",
					"$(inherited)",
				);
				GCC_WARN_64_TO_32_BIT_CONVERSION = YES;
				GCC_WARN_ABOUT_RETURN_TYPE = YES_ERROR;
				GCC_WARN_UNDECLARED_SELECTOR = YES;
				GCC_WARN_UNINITIALIZED_AUTOS = YES_AGGRESSIVE;
				GCC_WARN_UNUSED_FUNCTION = YES;
				GCC_WARN_UNUSED_VARIABLE = YES;
				IPHONEOS_DEPLOYMENT_TARGET = 16.2;
				MTL_ENABLE_DEBUG_INFO = INCLUDE_SOURCE;
				MTL_FAST_MATH = YES;
				ONLY_ACTIVE_ARCH = YES;
				SDKROOT = iphoneos;
			};
			name = Debug;
		};
		A0CB476A2987AFFF007CF7EC /* Release */ = {
			isa = XCBuildConfiguration;
			buildSettings = {
				ALWAYS_SEARCH_USER_PATHS = NO;
				CLANG_ANALYZER_NONNULL = YES;
				CLANG_ANALYZER_NUMBER_OBJECT_CONVERSION = YES_AGGRESSIVE;
				CLANG_CXX_LANGUAGE_STANDARD = "gnu++20";
				CLANG_ENABLE_MODULES = YES;
				CLANG_ENABLE_OBJC_ARC = YES;
				CLANG_ENABLE_OBJC_WEAK = YES;
				CLANG_WARN_BLOCK_CAPTURE_AUTORELEASING = YES;
				CLANG_WARN_BOOL_CONVERSION = YES;
				CLANG_WARN_COMMA = YES;
				CLANG_WARN_CONSTANT_CONVERSION = YES;
				CLANG_WARN_DEPRECATED_OBJC_IMPLEMENTATIONS = YES;
				CLANG_WARN_DIRECT_OBJC_ISA_USAGE = YES_ERROR;
				CLANG_WARN_DOCUMENTATION_COMMENTS = YES;
				CLANG_WARN_EMPTY_BODY = YES;
				CLANG_WARN_ENUM_CONVERSION = YES;
				CLANG_WARN_INFINITE_RECURSION = YES;
				CLANG_WARN_INT_CONVERSION = YES;
				CLANG_WARN_NON_LITERAL_NULL_CONVERSION = YES;
				CLANG_WARN_OBJC_IMPLICIT_RETAIN_SELF = YES;
				CLANG_WARN_OBJC_LITERAL_CONVERSION = YES;
				CLANG_WARN_OBJC_ROOT_CLASS = YES_ERROR;
				CLANG_WARN_QUOTED_INCLUDE_IN_FRAMEWORK_HEADER = YES;
				CLANG_WARN_RANGE_LOOP_ANALYSIS = YES;
				CLANG_WARN_STRICT_PROTOTYPES = YES;
				CLANG_WARN_SUSPICIOUS_MOVE = YES;
				CLANG_WARN_UNGUARDED_AVAILABILITY = YES_AGGRESSIVE;
				CLANG_WARN_UNREACHABLE_CODE = YES;
				CLANG_WARN__DUPLICATE_METHOD_MATCH = YES;
				COPY_PHASE_STRIP = NO;
				DEBUG_INFORMATION_FORMAT = "dwarf-with-dsym";
				ENABLE_NS_ASSERTIONS = NO;
				ENABLE_STRICT_OBJC_MSGSEND = YES;
				GCC_C_LANGUAGE_STANDARD = gnu11;
				GCC_NO_COMMON_BLOCKS = YES;
				GCC_WARN_64_TO_32_BIT_CONVERSION = YES;
				GCC_WARN_ABOUT_RETURN_TYPE = YES_ERROR;
				GCC_WARN_UNDECLARED_SELECTOR = YES;
				GCC_WARN_UNINITIALIZED_AUTOS = YES_AGGRESSIVE;
				GCC_WARN_UNUSED_FUNCTION = YES;
				GCC_WARN_UNUSED_VARIABLE = YES;
				IPHONEOS_DEPLOYMENT_TARGET = 16.2;
				MTL_ENABLE_DEBUG_INFO = NO;
				MTL_FAST_MATH = YES;
				SDKROOT = iphoneos;
				VALIDATE_PRODUCT = YES;
			};
			name = Release;
		};
		A0CB476C2987AFFF007CF7EC /* Debug */ = {
			isa = XCBuildConfiguration;
			buildSettings = {
				ASSETCATALOG_COMPILER_APPICON_NAME = AppIcon;
				ASSETCATALOG_COMPILER_GLOBAL_ACCENT_COLOR_NAME = AccentColor;
				CODE_SIGN_STYLE = Automatic;
				CURRENT_PROJECT_VERSION = 1;
				DEVELOPMENT_TEAM = JJA4BUEX79;
				GENERATE_INFOPLIST_FILE = YES;
				INFOPLIST_FILE = BackgroundTask/Info.plist;
				INFOPLIST_KEY_UIApplicationSupportsIndirectInputEvents = YES;
				INFOPLIST_KEY_UILaunchStoryboardName = LaunchScreen;
				INFOPLIST_KEY_UIMainStoryboardFile = Main;
				INFOPLIST_KEY_UISupportedInterfaceOrientations_iPad = "UIInterfaceOrientationPortrait UIInterfaceOrientationPortraitUpsideDown UIInterfaceOrientationLandscapeLeft UIInterfaceOrientationLandscapeRight";
				INFOPLIST_KEY_UISupportedInterfaceOrientations_iPhone = "UIInterfaceOrientationPortrait UIInterfaceOrientationLandscapeLeft UIInterfaceOrientationLandscapeRight";
				LD_RUNPATH_SEARCH_PATHS = (
					"$(inherited)",
					"@executable_path/Frameworks",
				);
				MARKETING_VERSION = 1.0;
				PRODUCT_BUNDLE_IDENTIFIER = com.loyalwind.BackgroundTask;
				PRODUCT_NAME = "$(TARGET_NAME)";
				SWIFT_EMIT_LOC_STRINGS = YES;
				TARGETED_DEVICE_FAMILY = "1,2";
			};
			name = Debug;
		};
		A0CB476D2987AFFF007CF7EC /* Release */ = {
			isa = XCBuildConfiguration;
			buildSettings = {
				ASSETCATALOG_COMPILER_APPICON_NAME = AppIcon;
				ASSETCATALOG_COMPILER_GLOBAL_ACCENT_COLOR_NAME = AccentColor;
				CODE_SIGN_STYLE = Automatic;
				CURRENT_PROJECT_VERSION = 1;
				DEVELOPMENT_TEAM = JJA4BUEX79;
				GENERATE_INFOPLIST_FILE = YES;
				INFOPLIST_FILE = BackgroundTask/Info.plist;
				INFOPLIST_KEY_UIApplicationSupportsIndirectInputEvents = YES;
				INFOPLIST_KEY_UILaunchStoryboardName = LaunchScreen;
				INFOPLIST_KEY_UIMainStoryboardFile = Main;
				INFOPLIST_KEY_UISupportedInterfaceOrientations_iPad = "UIInterfaceOrientationPortrait UIInterfaceOrientationPortraitUpsideDown UIInterfaceOrientationLandscapeLeft UIInterfaceOrientationLandscapeRight";
				INFOPLIST_KEY_UISupportedInterfaceOrientations_iPhone = "UIInterfaceOrientationPortrait UIInterfaceOrientationLandscapeLeft UIInterfaceOrientationLandscapeRight";
				LD_RUNPATH_SEARCH_PATHS = (
					"$(inherited)",
					"@executable_path/Frameworks",
				);
				MARKETING_VERSION = 1.0;
				PRODUCT_BUNDLE_IDENTIFIER = com.loyalwind.BackgroundTask;
				PRODUCT_NAME = "$(TARGET_NAME)";
				SWIFT_EMIT_LOC_STRINGS = YES;
				TARGETED_DEVICE_FAMILY = "1,2";
			};
			name = Release;
		};
/* End XCBuildConfiguration section */

/* Begin XCConfigurationList section */
		A0CB474D2987AFFE007CF7EC /* Build configuration list for PBXProject "BackgroundTask" */ = {
			isa = XCConfigurationList;
			buildConfigurations = (
				A0CB47692987AFFF007CF7EC /* Debug */,
				A0CB476A2987AFFF007CF7EC /* Release */,
			);
			defaultConfigurationIsVisible = 0;
			defaultConfigurationName = Release;
		};
		A0CB476B2987AFFF007CF7EC /* Build configuration list for PBXNativeTarget "BackgroundTask" */ = {
			isa = XCConfigurationList;
			buildConfigurations = (
				A0CB476C2987AFFF007CF7EC /* Debug */,
				A0CB476D2987AFFF007CF7EC /* Release */,
			);
			defaultConfigurationIsVisible = 0;
			defaultConfigurationName = Release;
		};
/* End XCConfigurationList section */
	};
	rootObject = A0CB474A2987AFFE007CF7EC /* Project object */;
}
